
Microsoft Visual Studio Solution File, Format Version 12.00
# Visual Studio Version 17
VisualStudioVersion = 17.3.32901.215
MinimumVisualStudioVersion = 10.0.40219.1
Project("{FAE04EC0-301F-11D3-BF4B-00C04F79EFBC}") = "FrogGame", "FrogGame\FrogGame.csproj", "{10BFA86D-4D91-4AEB-8F27-91C34D1A1324}"
EndProject
Global
	GlobalSection(SolutionConfigurationPlatforms) = preSolution
		Debug|Any CPU = Debug|Any CPU
		Release|Any CPU = Release|Any CPU
	EndGlobalSection
	GlobalSection(ProjectConfigurationPlatforms) = postSolution
		{10BFA86D-4D91-4AEB-8F27-91C34D1A1324}.Debug|Any CPU.ActiveCfg = Debug|Any CPU
		{10BFA86D-4D91-4AEB-8F27-91C34D1A1324}.Debug|Any CPU.Build.0 = Debug|Any CPU
		{10BFA86D-4D91-4AEB-8F27-91C34D1A1324}.Release|Any CPU.ActiveCfg = Release|Any CPU
		{10BFA86D-4D91-4AEB-8F27-91C34D1A1324}.Release|Any CPU.Build.0 = Release|Any CPU
	EndGlobalSection
	GlobalSection(SolutionProperties) = preSolution
		HideSolutionNode = FALSE
	EndGlobalSection
	GlobalSection(ExtensibilityGlobals) = postSolution
		SolutionGuid = {FF3BD3E0-7E79-4429-8C21-928FB369C1E9}
	EndGlobalSection
EndGlobal
